
Microsoft Visual Studio Solution File, Format Version 12.00
# Visual Studio 15
VisualStudioVersion = 15.0.28307.329
MinimumVisualStudioVersion = 10.0.40219.1
Project("{FAE04EC0-301F-11D3-BF4B-00C04F79EFBC}") = "ChangeLabel", "ChangeLabel\ChangeLabel.csproj", "{FB1595E8-E172-42F3-8704-90FDD576800E}"
EndProject
Global
	GlobalSection(SolutionConfigurationPlatforms) = preSolution
		Debug|Any CPU = Debug|Any CPU
		Release|Any CPU = Release|Any CPU
	EndGlobalSection
	GlobalSection(ProjectConfigurationPlatforms) = postSolution
		{FB1595E8-E172-42F3-8704-90FDD576800E}.Debug|Any CPU.ActiveCfg = Debug|Any CPU
		{FB1595E8-E172-42F3-8704-90FDD576800E}.Debug|Any CPU.Build.0 = Debug|Any CPU
		{FB1595E8-E172-42F3-8704-90FDD576800E}.Release|Any CPU.ActiveCfg = Release|Any CPU
		{FB1595E8-E172-42F3-8704-90FDD576800E}.Release|Any CPU.Build.0 = Release|Any CPU
	EndGlobalSection
	GlobalSection(SolutionProperties) = preSolution
		HideSolutionNode = FALSE
	EndGlobalSection
	GlobalSection(ExtensibilityGlobals) = postSolution
		SolutionGuid = {EA96A9F5-5FB2-4DAE-BC79-8C395E175FE9}
	EndGlobalSection
EndGlobal
