
Microsoft Visual Studio Solution File, Format Version 12.00
# Visual Studio 15
VisualStudioVersion = 15.0.28307.1062
MinimumVisualStudioVersion = 10.0.40219.1
Project("{D954291E-2A0B-460D-934E-DC6B0785DB48}") = "proxyreroute.Shared", "proxyreroute\proxyreroute.Shared\proxyreroute.Shared.shproj", "{1B5D2F80-F093-4B27-921F-C8EA0A147A1C}"
EndProject
Project("{FAE04EC0-301F-11D3-BF4B-00C04F79EFBC}") = "proxyreroute.iOS", "proxyreroute\proxyreroute.iOS\proxyreroute.iOS.csproj", "{838FA763-2F23-496D-82F4-7AA0EFDE27AE}"
EndProject
Project("{FAE04EC0-301F-11D3-BF4B-00C04F79EFBC}") = "proxyreroute.Android", "proxyreroute\proxyreroute.Android\proxyreroute.Android.csproj", "{F6DA8DB7-3168-44F0-8FF9-D941FAF4A259}"
EndProject
Project("{FAE04EC0-301F-11D3-BF4B-00C04F79EFBC}") = "proxyreroute.UWP", "proxyreroute\proxyreroute.UWP\proxyreroute.UWP.csproj", "{AA3BB001-09B1-4B89-BFD9-8B75739F8103}"
EndProject
Global
	GlobalSection(SharedMSBuildProjectFiles) = preSolution
		proxyreroute\proxyreroute.Shared\proxyreroute.Shared.projitems*{1b5d2f80-f093-4b27-921f-c8ea0a147a1c}*SharedItemsImports = 13
		proxyreroute\proxyreroute.Shared\proxyreroute.Shared.projitems*{aa3bb001-09b1-4b89-bfd9-8b75739f8103}*SharedItemsImports = 4
	EndGlobalSection
	GlobalSection(SolutionConfigurationPlatforms) = preSolution
		Ad-Hoc|Any CPU = Ad-Hoc|Any CPU
		Ad-Hoc|ARM = Ad-Hoc|ARM
		Ad-Hoc|iPhone = Ad-Hoc|iPhone
		Ad-Hoc|iPhoneSimulator = Ad-Hoc|iPhoneSimulator
		Ad-Hoc|x64 = Ad-Hoc|x64
		Ad-Hoc|x86 = Ad-Hoc|x86
		AppStore|Any CPU = AppStore|Any CPU
		AppStore|ARM = AppStore|ARM
		AppStore|iPhone = AppStore|iPhone
		AppStore|iPhoneSimulator = AppStore|iPhoneSimulator
		AppStore|x64 = AppStore|x64
		AppStore|x86 = AppStore|x86
		Debug|Any CPU = Debug|Any CPU
		Debug|ARM = Debug|ARM
		Debug|iPhone = Debug|iPhone
		Debug|iPhoneSimulator = Debug|iPhoneSimulator
		Debug|x64 = Debug|x64
		Debug|x86 = Debug|x86
		Release|Any CPU = Release|Any CPU
		Release|ARM = Release|ARM
		Release|iPhone = Release|iPhone
		Release|iPhoneSimulator = Release|iPhoneSimulator
		Release|x64 = Release|x64
		Release|x86 = Release|x86
	EndGlobalSection
	GlobalSection(ProjectConfigurationPlatforms) = postSolution
		{838FA763-2F23-496D-82F4-7AA0EFDE27AE}.Ad-Hoc|Any CPU.ActiveCfg = Ad-Hoc|iPhone
		{838FA763-2F23-496D-82F4-7AA0EFDE27AE}.Ad-Hoc|ARM.ActiveCfg = Ad-Hoc|iPhone
		{838FA763-2F23-496D-82F4-7AA0EFDE27AE}.Ad-Hoc|iPhone.ActiveCfg = Ad-Hoc|iPhone
		{838FA763-2F23-496D-82F4-7AA0EFDE27AE}.Ad-Hoc|iPhone.Build.0 = Ad-Hoc|iPhone
		{838FA763-2F23-496D-82F4-7AA0EFDE27AE}.Ad-Hoc|iPhoneSimulator.ActiveCfg = Ad-Hoc|iPhoneSimulator
		{838FA763-2F23-496D-82F4-7AA0EFDE27AE}.Ad-Hoc|iPhoneSimulator.Build.0 = Ad-Hoc|iPhoneSimulator
		{838FA763-2F23-496D-82F4-7AA0EFDE27AE}.Ad-Hoc|x64.ActiveCfg = Ad-Hoc|iPhone
		{838FA763-2F23-496D-82F4-7AA0EFDE27AE}.Ad-Hoc|x86.ActiveCfg = Ad-Hoc|iPhone
		{838FA763-2F23-496D-82F4-7AA0EFDE27AE}.AppStore|Any CPU.ActiveCfg = AppStore|iPhone
		{838FA763-2F23-496D-82F4-7AA0EFDE27AE}.AppStore|ARM.ActiveCfg = AppStore|iPhone
		{838FA763-2F23-496D-82F4-7AA0EFDE27AE}.AppStore|iPhone.ActiveCfg = AppStore|iPhone
		{838FA763-2F23-496D-82F4-7AA0EFDE27AE}.AppStore|iPhone.Build.0 = AppStore|iPhone
		{838FA763-2F23-496D-82F4-7AA0EFDE27AE}.AppStore|iPhoneSimulator.ActiveCfg = AppStore|iPhoneSimulator
		{838FA763-2F23-496D-82F4-7AA0EFDE27AE}.AppStore|iPhoneSimulator.Build.0 = AppStore|iPhoneSimulator
		{838FA763-2F23-496D-82F4-7AA0EFDE27AE}.AppStore|x64.ActiveCfg = AppStore|iPhone
		{838FA763-2F23-496D-82F4-7AA0EFDE27AE}.AppStore|x86.ActiveCfg = AppStore|iPhone
		{838FA763-2F23-496D-82F4-7AA0EFDE27AE}.Debug|Any CPU.ActiveCfg = Debug|iPhone
		{838FA763-2F23-496D-82F4-7AA0EFDE27AE}.Debug|ARM.ActiveCfg = Debug|iPhone
		{838FA763-2F23-496D-82F4-7AA0EFDE27AE}.Debug|iPhone.ActiveCfg = Debug|iPhone
		{838FA763-2F23-496D-82F4-7AA0EFDE27AE}.Debug|iPhone.Build.0 = Debug|iPhone
		{838FA763-2F23-496D-82F4-7AA0EFDE27AE}.Debug|iPhoneSimulator.ActiveCfg = Debug|iPhoneSimulator
		{838FA763-2F23-496D-82F4-7AA0EFDE27AE}.Debug|iPhoneSimulator.Build.0 = Debug|iPhoneSimulator
		{838FA763-2F23-496D-82F4-7AA0EFDE27AE}.Debug|x64.ActiveCfg = Debug|iPhone
		{838FA763-2F23-496D-82F4-7AA0EFDE27AE}.Debug|x86.ActiveCfg = Debug|iPhone
		{838FA763-2F23-496D-82F4-7AA0EFDE27AE}.Release|Any CPU.ActiveCfg = Release|iPhone
		{838FA763-2F23-496D-82F4-7AA0EFDE27AE}.Release|ARM.ActiveCfg = Release|iPhone
		{838FA763-2F23-496D-82F4-7AA0EFDE27AE}.Release|iPhone.ActiveCfg = Release|iPhone
		{838FA763-2F23-496D-82F4-7AA0EFDE27AE}.Release|iPhone.Build.0 = Release|iPhone
		{838FA763-2F23-496D-82F4-7AA0EFDE27AE}.Release|iPhoneSimulator.ActiveCfg = Release|iPhoneSimulator
		{838FA763-2F23-496D-82F4-7AA0EFDE27AE}.Release|iPhoneSimulator.Build.0 = Release|iPhoneSimulator
		{838FA763-2F23-496D-82F4-7AA0EFDE27AE}.Release|x64.ActiveCfg = Release|iPhone
		{838FA763-2F23-496D-82F4-7AA0EFDE27AE}.Release|x86.ActiveCfg = Release|iPhone
		{F6DA8DB7-3168-44F0-8FF9-D941FAF4A259}.Ad-Hoc|Any CPU.ActiveCfg = Release|Any CPU
		{F6DA8DB7-3168-44F0-8FF9-D941FAF4A259}.Ad-Hoc|Any CPU.Build.0 = Release|Any CPU
		{F6DA8DB7-3168-44F0-8FF9-D941FAF4A259}.Ad-Hoc|Any CPU.Deploy.0 = Release|Any CPU
		{F6DA8DB7-3168-44F0-8FF9-D941FAF4A259}.Ad-Hoc|ARM.ActiveCfg = Release|Any CPU
		{F6DA8DB7-3168-44F0-8FF9-D941FAF4A259}.Ad-Hoc|ARM.Build.0 = Release|Any CPU
		{F6DA8DB7-3168-44F0-8FF9-D941FAF4A259}.Ad-Hoc|ARM.Deploy.0 = Release|Any CPU
		{F6DA8DB7-3168-44F0-8FF9-D941FAF4A259}.Ad-Hoc|iPhone.ActiveCfg = Release|Any CPU
		{F6DA8DB7-3168-44F0-8FF9-D941FAF4A259}.Ad-Hoc|iPhone.Build.0 = Release|Any CPU
		{F6DA8DB7-3168-44F0-8FF9-D941FAF4A259}.Ad-Hoc|iPhone.Deploy.0 = Release|Any CPU
		{F6DA8DB7-3168-44F0-8FF9-D941FAF4A259}.Ad-Hoc|iPhoneSimulator.ActiveCfg = Release|Any CPU
		{F6DA8DB7-3168-44F0-8FF9-D941FAF4A259}.Ad-Hoc|iPhoneSimulator.Build.0 = Release|Any CPU
		{F6DA8DB7-3168-44F0-8FF9-D941FAF4A259}.Ad-Hoc|iPhoneSimulator.Deploy.0 = Release|Any CPU
		{F6DA8DB7-3168-44F0-8FF9-D941FAF4A259}.Ad-Hoc|x64.ActiveCfg = Release|Any CPU
		{F6DA8DB7-3168-44F0-8FF9-D941FAF4A259}.Ad-Hoc|x64.Build.0 = Release|Any CPU
		{F6DA8DB7-3168-44F0-8FF9-D941FAF4A259}.Ad-Hoc|x64.Deploy.0 = Release|Any CPU
		{F6DA8DB7-3168-44F0-8FF9-D941FAF4A259}.Ad-Hoc|x86.ActiveCfg = Release|Any CPU
		{F6DA8DB7-3168-44F0-8FF9-D941FAF4A259}.Ad-Hoc|x86.Build.0 = Release|Any CPU
		{F6DA8DB7-3168-44F0-8FF9-D941FAF4A259}.Ad-Hoc|x86.Deploy.0 = Release|Any CPU
		{F6DA8DB7-3168-44F0-8FF9-D941FAF4A259}.AppStore|Any CPU.ActiveCfg = Release|Any CPU
		{F6DA8DB7-3168-44F0-8FF9-D941FAF4A259}.AppStore|Any CPU.Build.0 = Release|Any CPU
		{F6DA8DB7-3168-44F0-8FF9-D941FAF4A259}.AppStore|Any CPU.Deploy.0 = Release|Any CPU
		{F6DA8DB7-3168-44F0-8FF9-D941FAF4A259}.AppStore|ARM.ActiveCfg = Release|Any CPU
		{F6DA8DB7-3168-44F0-8FF9-D941FAF4A259}.AppStore|ARM.Build.0 = Release|Any CPU
		{F6DA8DB7-3168-44F0-8FF9-D941FAF4A259}.AppStore|ARM.Deploy.0 = Release|Any CPU
		{F6DA8DB7-3168-44F0-8FF9-D941FAF4A259}.AppStore|iPhone.ActiveCfg = Release|Any CPU
		{F6DA8DB7-3168-44F0-8FF9-D941FAF4A259}.AppStore|iPhone.Build.0 = Release|Any CPU
		{F6DA8DB7-3168-44F0-8FF9-D941FAF4A259}.AppStore|iPhone.Deploy.0 = Release|Any CPU
		{F6DA8DB7-3168-44F0-8FF9-D941FAF4A259}.AppStore|iPhoneSimulator.ActiveCfg = Release|Any CPU
		{F6DA8DB7-3168-44F0-8FF9-D941FAF4A259}.AppStore|iPhoneSimulator.Build.0 = Release|Any CPU
		{F6DA8DB7-3168-44F0-8FF9-D941FAF4A259}.AppStore|iPhoneSimulator.Deploy.0 = Release|Any CPU
		{F6DA8DB7-3168-44F0-8FF9-D941FAF4A259}.AppStore|x64.ActiveCfg = Release|Any CPU
		{F6DA8DB7-3168-44F0-8FF9-D941FAF4A259}.AppStore|x64.Build.0 = Release|Any CPU
		{F6DA8DB7-3168-44F0-8FF9-D941FAF4A259}.AppStore|x64.Deploy.0 = Release|Any CPU
		{F6DA8DB7-3168-44F0-8FF9-D941FAF4A259}.AppStore|x86.ActiveCfg = Release|Any CPU
		{F6DA8DB7-3168-44F0-8FF9-D941FAF4A259}.AppStore|x86.Build.0 = Release|Any CPU
		{F6DA8DB7-3168-44F0-8FF9-D941FAF4A259}.AppStore|x86.Deploy.0 = Release|Any CPU
		{F6DA8DB7-3168-44F0-8FF9-D941FAF4A259}.Debug|Any CPU.ActiveCfg = Debug|Any CPU
		{F6DA8DB7-3168-44F0-8FF9-D941FAF4A259}.Debug|Any CPU.Build.0 = Debug|Any CPU
		{F6DA8DB7-3168-44F0-8FF9-D941FAF4A259}.Debug|Any CPU.Deploy.0 = Debug|Any CPU
		{F6DA8DB7-3168-44F0-8FF9-D941FAF4A259}.Debug|ARM.ActiveCfg = Debug|Any CPU
		{F6DA8DB7-3168-44F0-8FF9-D941FAF4A259}.Debug|ARM.Build.0 = Debug|Any CPU
		{F6DA8DB7-3168-44F0-8FF9-D941FAF4A259}.Debug|ARM.Deploy.0 = Debug|Any CPU
		{F6DA8DB7-3168-44F0-8FF9-D941FAF4A259}.Debug|iPhone.ActiveCfg = Debug|Any CPU
		{F6DA8DB7-3168-44F0-8FF9-D941FAF4A259}.Debug|iPhone.Build.0 = Debug|Any CPU
		{F6DA8DB7-3168-44F0-8FF9-D941FAF4A259}.Debug|iPhone.Deploy.0 = Debug|Any CPU
		{F6DA8DB7-3168-44F0-8FF9-D941FAF4A259}.Debug|iPhoneSimulator.ActiveCfg = Debug|Any CPU
		{F6DA8DB7-3168-44F0-8FF9-D941FAF4A259}.Debug|iPhoneSimulator.Build.0 = Debug|Any CPU
		{F6DA8DB7-3168-44F0-8FF9-D941FAF4A259}.Debug|iPhoneSimulator.Deploy.0 = Debug|Any CPU
		{F6DA8DB7-3168-44F0-8FF9-D941FAF4A259}.Debug|x64.ActiveCfg = Debug|Any CPU
		{F6DA8DB7-3168-44F0-8FF9-D941FAF4A259}.Debug|x64.Build.0 = Debug|Any CPU
		{F6DA8DB7-3168-44F0-8FF9-D941FAF4A259}.Debug|x64.Deploy.0 = Debug|Any CPU
		{F6DA8DB7-3168-44F0-8FF9-D941FAF4A259}.Debug|x86.ActiveCfg = Debug|Any CPU
		{F6DA8DB7-3168-44F0-8FF9-D941FAF4A259}.Debug|x86.Build.0 = Debug|Any CPU
		{F6DA8DB7-3168-44F0-8FF9-D941FAF4A259}.Debug|x86.Deploy.0 = Debug|Any CPU
		{F6DA8DB7-3168-44F0-8FF9-D941FAF4A259}.Release|Any CPU.ActiveCfg = Release|Any CPU
		{F6DA8DB7-3168-44F0-8FF9-D941FAF4A259}.Release|Any CPU.Build.0 = Release|Any CPU
		{F6DA8DB7-3168-44F0-8FF9-D941FAF4A259}.Release|Any CPU.Deploy.0 = Release|Any CPU
		{F6DA8DB7-3168-44F0-8FF9-D941FAF4A259}.Release|ARM.ActiveCfg = Release|Any CPU
		{F6DA8DB7-3168-44F0-8FF9-D941FAF4A259}.Release|ARM.Build.0 = Release|Any CPU
		{F6DA8DB7-3168-44F0-8FF9-D941FAF4A259}.Release|ARM.Deploy.0 = Release|Any CPU
		{F6DA8DB7-3168-44F0-8FF9-D941FAF4A259}.Release|iPhone.ActiveCfg = Release|Any CPU
		{F6DA8DB7-3168-44F0-8FF9-D941FAF4A259}.Release|iPhone.Build.0 = Release|Any CPU
		{F6DA8DB7-3168-44F0-8FF9-D941FAF4A259}.Release|iPhone.Deploy.0 = Release|Any CPU
		{F6DA8DB7-3168-44F0-8FF9-D941FAF4A259}.Release|iPhoneSimulator.ActiveCfg = Release|Any CPU
		{F6DA8DB7-3168-44F0-8FF9-D941FAF4A259}.Release|iPhoneSimulator.Build.0 = Release|Any CPU
		{F6DA8DB7-3168-44F0-8FF9-D941FAF4A259}.Release|iPhoneSimulator.Deploy.0 = Release|Any CPU
		{F6DA8DB7-3168-44F0-8FF9-D941FAF4A259}.Release|x64.ActiveCfg = Release|Any CPU
		{F6DA8DB7-3168-44F0-8FF9-D941FAF4A259}.Release|x64.Build.0 = Release|Any CPU
		{F6DA8DB7-3168-44F0-8FF9-D941FAF4A259}.Release|x64.Deploy.0 = Release|Any CPU
		{F6DA8DB7-3168-44F0-8FF9-D941FAF4A259}.Release|x86.ActiveCfg = Release|Any CPU
		{F6DA8DB7-3168-44F0-8FF9-D941FAF4A259}.Release|x86.Build.0 = Release|Any CPU
		{F6DA8DB7-3168-44F0-8FF9-D941FAF4A259}.Release|x86.Deploy.0 = Release|Any CPU
		{AA3BB001-09B1-4B89-BFD9-8B75739F8103}.Ad-Hoc|Any CPU.ActiveCfg = Release|x64
		{AA3BB001-09B1-4B89-BFD9-8B75739F8103}.Ad-Hoc|Any CPU.Build.0 = Release|x64
		{AA3BB001-09B1-4B89-BFD9-8B75739F8103}.Ad-Hoc|Any CPU.Deploy.0 = Release|x64
		{AA3BB001-09B1-4B89-BFD9-8B75739F8103}.Ad-Hoc|ARM.ActiveCfg = Release|ARM
		{AA3BB001-09B1-4B89-BFD9-8B75739F8103}.Ad-Hoc|ARM.Build.0 = Release|ARM
		{AA3BB001-09B1-4B89-BFD9-8B75739F8103}.Ad-Hoc|ARM.Deploy.0 = Release|ARM
		{AA3BB001-09B1-4B89-BFD9-8B75739F8103}.Ad-Hoc|iPhone.ActiveCfg = Release|x64
		{AA3BB001-09B1-4B89-BFD9-8B75739F8103}.Ad-Hoc|iPhone.Build.0 = Release|x64
		{AA3BB001-09B1-4B89-BFD9-8B75739F8103}.Ad-Hoc|iPhone.Deploy.0 = Release|x64
		{AA3BB001-09B1-4B89-BFD9-8B75739F8103}.Ad-Hoc|iPhoneSimulator.ActiveCfg = Release|x64
		{AA3BB001-09B1-4B89-BFD9-8B75739F8103}.Ad-Hoc|iPhoneSimulator.Build.0 = Release|x64
		{AA3BB001-09B1-4B89-BFD9-8B75739F8103}.Ad-Hoc|iPhoneSimulator.Deploy.0 = Release|x64
		{AA3BB001-09B1-4B89-BFD9-8B75739F8103}.Ad-Hoc|x64.ActiveCfg = Release|x64
		{AA3BB001-09B1-4B89-BFD9-8B75739F8103}.Ad-Hoc|x64.Build.0 = Release|x64
		{AA3BB001-09B1-4B89-BFD9-8B75739F8103}.Ad-Hoc|x64.Deploy.0 = Release|x64
		{AA3BB001-09B1-4B89-BFD9-8B75739F8103}.Ad-Hoc|x86.ActiveCfg = Release|x86
		{AA3BB001-09B1-4B89-BFD9-8B75739F8103}.Ad-Hoc|x86.Build.0 = Release|x86
		{AA3BB001-09B1-4B89-BFD9-8B75739F8103}.Ad-Hoc|x86.Deploy.0 = Release|x86
		{AA3BB001-09B1-4B89-BFD9-8B75739F8103}.AppStore|Any CPU.ActiveCfg = Release|x64
		{AA3BB001-09B1-4B89-BFD9-8B75739F8103}.AppStore|Any CPU.Build.0 = Release|x64
		{AA3BB001-09B1-4B89-BFD9-8B75739F8103}.AppStore|Any CPU.Deploy.0 = Release|x64
		{AA3BB001-09B1-4B89-BFD9-8B75739F8103}.AppStore|ARM.ActiveCfg = Release|ARM
		{AA3BB001-09B1-4B89-BFD9-8B75739F8103}.AppStore|ARM.Build.0 = Release|ARM
		{AA3BB001-09B1-4B89-BFD9-8B75739F8103}.AppStore|ARM.Deploy.0 = Release|ARM
		{AA3BB001-09B1-4B89-BFD9-8B75739F8103}.AppStore|iPhone.ActiveCfg = Release|x64
		{AA3BB001-09B1-4B89-BFD9-8B75739F8103}.AppStore|iPhone.Build.0 = Release|x64
		{AA3BB001-09B1-4B89-BFD9-8B75739F8103}.AppStore|iPhone.Deploy.0 = Release|x64
		{AA3BB001-09B1-4B89-BFD9-8B75739F8103}.AppStore|iPhoneSimulator.ActiveCfg = Release|x64
		{AA3BB001-09B1-4B89-BFD9-8B75739F8103}.AppStore|iPhoneSimulator.Build.0 = Release|x64
		{AA3BB001-09B1-4B89-BFD9-8B75739F8103}.AppStore|iPhoneSimulator.Deploy.0 = Release|x64
		{AA3BB001-09B1-4B89-BFD9-8B75739F8103}.AppStore|x64.ActiveCfg = Release|x64
		{AA3BB001-09B1-4B89-BFD9-8B75739F8103}.AppStore|x64.Build.0 = Release|x64
		{AA3BB001-09B1-4B89-BFD9-8B75739F8103}.AppStore|x64.Deploy.0 = Release|x64
		{AA3BB001-09B1-4B89-BFD9-8B75739F8103}.AppStore|x86.ActiveCfg = Release|x86
		{AA3BB001-09B1-4B89-BFD9-8B75739F8103}.AppStore|x86.Build.0 = Release|x86
		{AA3BB001-09B1-4B89-BFD9-8B75739F8103}.AppStore|x86.Deploy.0 = Release|x86
		{AA3BB001-09B1-4B89-BFD9-8B75739F8103}.Debug|Any CPU.ActiveCfg = Debug|x86
		{AA3BB001-09B1-4B89-BFD9-8B75739F8103}.Debug|ARM.ActiveCfg = Debug|ARM
		{AA3BB001-09B1-4B89-BFD9-8B75739F8103}.Debug|ARM.Build.0 = Debug|ARM
		{AA3BB001-09B1-4B89-BFD9-8B75739F8103}.Debug|ARM.Deploy.0 = Debug|ARM
		{AA3BB001-09B1-4B89-BFD9-8B75739F8103}.Debug|iPhone.ActiveCfg = Debug|x86
		{AA3BB001-09B1-4B89-BFD9-8B75739F8103}.Debug|iPhoneSimulator.ActiveCfg = Debug|x86
		{AA3BB001-09B1-4B89-BFD9-8B75739F8103}.Debug|x64.ActiveCfg = Debug|x64
		{AA3BB001-09B1-4B89-BFD9-8B75739F8103}.Debug|x64.Build.0 = Debug|x64
		{AA3BB001-09B1-4B89-BFD9-8B75739F8103}.Debug|x64.Deploy.0 = Debug|x64
		{AA3BB001-09B1-4B89-BFD9-8B75739F8103}.Debug|x86.ActiveCfg = Debug|x86
		{AA3BB001-09B1-4B89-BFD9-8B75739F8103}.Debug|x86.Build.0 = Debug|x86
		{AA3BB001-09B1-4B89-BFD9-8B75739F8103}.Debug|x86.Deploy.0 = Debug|x86
		{AA3BB001-09B1-4B89-BFD9-8B75739F8103}.Release|Any CPU.ActiveCfg = Release|x86
		{AA3BB001-09B1-4B89-BFD9-8B75739F8103}.Release|ARM.ActiveCfg = Release|ARM
		{AA3BB001-09B1-4B89-BFD9-8B75739F8103}.Release|ARM.Build.0 = Release|ARM
		{AA3BB001-09B1-4B89-BFD9-8B75739F8103}.Release|ARM.Deploy.0 = Release|ARM
		{AA3BB001-09B1-4B89-BFD9-8B75739F8103}.Release|iPhone.ActiveCfg = Release|x86
		{AA3BB001-09B1-4B89-BFD9-8B75739F8103}.Release|iPhoneSimulator.ActiveCfg = Release|x86
		{AA3BB001-09B1-4B89-BFD9-8B75739F8103}.Release|x64.ActiveCfg = Release|x64
		{AA3BB001-09B1-4B89-BFD9-8B75739F8103}.Release|x64.Build.0 = Release|x64
		{AA3BB001-09B1-4B89-BFD9-8B75739F8103}.Release|x64.Deploy.0 = Release|x64
		{AA3BB001-09B1-4B89-BFD9-8B75739F8103}.Release|x86.ActiveCfg = Release|x86
		{AA3BB001-09B1-4B89-BFD9-8B75739F8103}.Release|x86.Build.0 = Release|x86
		{AA3BB001-09B1-4B89-BFD9-8B75739F8103}.Release|x86.Deploy.0 = Release|x86
	EndGlobalSection
	GlobalSection(SolutionProperties) = preSolution
		HideSolutionNode = FALSE
	EndGlobalSection
	GlobalSection(ExtensibilityGlobals) = postSolution
		SolutionGuid = {DE20D5D8-1B97-4F12-BEDB-E97C9D7C77CC}
	EndGlobalSection
EndGlobal
