
Microsoft Visual Studio Solution File, Format Version 12.00
# Visual Studio 15
VisualStudioVersion = 15.0.28307.1062
MinimumVisualStudioVersion = 10.0.40219.1
Project("{FAE04EC0-301F-11D3-BF4B-00C04F79EFBC}") = "Ring", "Ring\Ring.csproj", "{2CAD4D54-51C4-4686-974F-0260B72CB92E}"
EndProject
Global
	GlobalSection(SolutionConfigurationPlatforms) = preSolution
		Debug|Any CPU = Debug|Any CPU
		Release|Any CPU = Release|Any CPU
	EndGlobalSection
	GlobalSection(ProjectConfigurationPlatforms) = postSolution
		{2CAD4D54-51C4-4686-974F-0260B72CB92E}.Debug|Any CPU.ActiveCfg = Debug|Any CPU
		{2CAD4D54-51C4-4686-974F-0260B72CB92E}.Debug|Any CPU.Build.0 = Debug|Any CPU
		{2CAD4D54-51C4-4686-974F-0260B72CB92E}.Release|Any CPU.ActiveCfg = Release|Any CPU
		{2CAD4D54-51C4-4686-974F-0260B72CB92E}.Release|Any CPU.Build.0 = Release|Any CPU
	EndGlobalSection
	GlobalSection(SolutionProperties) = preSolution
		HideSolutionNode = FALSE
	EndGlobalSection
	GlobalSection(ExtensibilityGlobals) = postSolution
		SolutionGuid = {16F5D8E5-FA93-4808-8DD1-DAC652D7B402}
	EndGlobalSection
EndGlobal
